{
  "version": 4,
  "terraform_version": "1.10.4",
  "serial": 15,
  "lineage": "25f134c8-1a09-09b4-65c5-7cb62db278a3",
  "outputs": {},
  "resources": [
    {
      "mode": "managed",
      "type": "openstack_compute_instance_v2",
      "name": "instancias_terraform",
      "provider": "provider[\"registry.terraform.io/terraform-provider-openstack/openstack\"]",
      "instances": [
        {
          "index_key": 0,
          "schema_version": 0,
          "attributes": {
            "access_ip_v4": "200.19.179.224",
            "access_ip_v6": "",
            "admin_pass": null,
            "all_metadata": {},
            "all_tags": [],
            "availability_zone": "nova",
            "availability_zone_hints": null,
            "block_device": [],
            "config_drive": null,
            "created": "2025-01-11 04:41:28 +0000 UTC",
            "flavor_id": "cfb3f68f-ea52-4ed5-a40f-8b82befccc3f",
            "flavor_name": "m1.small",
            "floating_ip": null,
            "force_delete": false,
            "id": "65691ff2-9f48-4642-bc57-363853e44ec9",
            "image_id": "dcf49c5a-0fc1-40a9-b26e-fd42c24516d6",
            "image_name": "Ubuntu-Server-24.04-LTS-Noble-Numbat",
            "key_pair": "windows-home",
            "metadata": null,
            "name": "instance-1",
            "network": [
              {
                "access_network": false,
                "fixed_ip_v4": "200.19.179.224",
                "fixed_ip_v6": "",
                "floating_ip": "",
                "mac": "fa:16:3e:bd:81:77",
                "name": "wan",
                "port": "",
                "uuid": "44d2adce-a5fb-42e5-8c3d-c15673a45fd0"
              }
            ],
            "network_mode": null,
            "personality": [],
            "power_state": "active",
            "region": "RegionOne",
            "scheduler_hints": [],
            "security_groups": [
              "default"
            ],
            "stop_before_destroy": false,
            "tags": null,
            "timeouts": null,
            "updated": "2025-01-11 04:41:33 +0000 UTC",
            "user_data": "0e05677570e74e63f1709279f224d158cc6e1f82",
            "vendor_options": [],
            "volume": []
          },
          "sensitive_attributes": [
            [
              {
                "type": "get_attr",
                "value": "admin_pass"
              }
            ]
          ],
          "private": "eyJlMmJmYjczMC1lY2FhLTExZTYtOGY4OC0zNDM2M2JjN2M0YzAiOnsiY3JlYXRlIjoxODAwMDAwMDAwMDAwLCJkZWxldGUiOjE4MDAwMDAwMDAwMDAsInVwZGF0ZSI6MTgwMDAwMDAwMDAwMH19"
        },
        {
          "index_key": 1,
          "schema_version": 0,
          "attributes": {
            "access_ip_v4": "200.19.179.225",
            "access_ip_v6": "",
            "admin_pass": null,
            "all_metadata": {},
            "all_tags": [],
            "availability_zone": "nova",
            "availability_zone_hints": null,
            "block_device": [],
            "config_drive": null,
            "created": "2025-01-11 04:41:28 +0000 UTC",
            "flavor_id": "cfb3f68f-ea52-4ed5-a40f-8b82befccc3f",
            "flavor_name": "m1.small",
            "floating_ip": null,
            "force_delete": false,
            "id": "041eb785-2f07-44d4-a327-5607c238abcc",
            "image_id": "dcf49c5a-0fc1-40a9-b26e-fd42c24516d6",
            "image_name": "Ubuntu-Server-24.04-LTS-Noble-Numbat",
            "key_pair": "windows-home",
            "metadata": null,
            "name": "instance-2",
            "network": [
              {
                "access_network": false,
                "fixed_ip_v4": "200.19.179.225",
                "fixed_ip_v6": "",
                "floating_ip": "",
                "mac": "fa:16:3e:2a:f9:66",
                "name": "wan",
                "port": "",
                "uuid": "44d2adce-a5fb-42e5-8c3d-c15673a45fd0"
              }
            ],
            "network_mode": null,
            "personality": [],
            "power_state": "active",
            "region": "RegionOne",
            "scheduler_hints": [],
            "security_groups": [
              "default"
            ],
            "stop_before_destroy": false,
            "tags": null,
            "timeouts": null,
            "updated": "2025-01-11 04:41:31 +0000 UTC",
            "user_data": "0e05677570e74e63f1709279f224d158cc6e1f82",
            "vendor_options": [],
            "volume": []
          },
          "sensitive_attributes": [
            [
              {
                "type": "get_attr",
                "value": "admin_pass"
              }
            ]
          ],
          "private": "eyJlMmJmYjczMC1lY2FhLTExZTYtOGY4OC0zNDM2M2JjN2M0YzAiOnsiY3JlYXRlIjoxODAwMDAwMDAwMDAwLCJkZWxldGUiOjE4MDAwMDAwMDAwMDAsInVwZGF0ZSI6MTgwMDAwMDAwMDAwMH19"
        }
      ]
    }
  ],
  "check_results": null
}
