{
  "version": 4,
  "terraform_version": "1.10.4",
  "serial": 24,
  "lineage": "25f134c8-1a09-09b4-65c5-7cb62db278a3",
  "outputs": {},
  "resources": [
    {
      "mode": "managed",
      "type": "openstack_compute_instance_v2",
      "name": "instancias_terraform",
      "provider": "provider[\"registry.terraform.io/terraform-provider-openstack/openstack\"]",
      "instances": [
        {
          "index_key": 0,
          "schema_version": 0,
          "attributes": {
            "access_ip_v4": "192.168.159.100",
            "access_ip_v6": "",
            "admin_pass": null,
            "all_metadata": {},
            "all_tags": [],
            "availability_zone": "nova",
            "availability_zone_hints": null,
            "block_device": [],
            "config_drive": null,
            "created": "2025-01-11 18:30:49 +0000 UTC",
            "flavor_id": "cfb3f68f-ea52-4ed5-a40f-8b82befccc3f",
            "flavor_name": "m1.small",
            "floating_ip": null,
            "force_delete": false,
            "id": "60d32b0a-469a-45c9-a1f6-ff435b9c1a45",
            "image_id": "dcf49c5a-0fc1-40a9-b26e-fd42c24516d6",
            "image_name": "Ubuntu-Server-24.04-LTS-Noble-Numbat",
            "key_pair": "windows-home",
            "metadata": null,
            "name": "instance-1",
            "network": [
              {
                "access_network": false,
                "fixed_ip_v4": "192.168.159.100",
                "fixed_ip_v6": "",
                "floating_ip": "",
                "mac": "fa:16:3e:4f:26:f9",
                "name": "wlan",
                "port": "",
                "uuid": "f0f846e0-ed8a-426b-89e4-f4c716c9c349"
              }
            ],
            "network_mode": null,
            "personality": [],
            "power_state": "active",
            "region": "RegionOne",
            "scheduler_hints": [],
            "security_groups": [
              "default"
            ],
            "stop_before_destroy": false,
            "tags": [],
            "timeouts": null,
            "updated": "2025-01-11 18:30:56 +0000 UTC",
            "user_data": "58bb461d02b9d632e65189ffbb2b39ef680bbbfc",
            "vendor_options": [],
            "volume": []
          },
          "sensitive_attributes": [
            [
              {
                "type": "get_attr",
                "value": "admin_pass"
              }
            ]
          ],
          "private": "eyJlMmJmYjczMC1lY2FhLTExZTYtOGY4OC0zNDM2M2JjN2M0YzAiOnsiY3JlYXRlIjoxODAwMDAwMDAwMDAwLCJkZWxldGUiOjE4MDAwMDAwMDAwMDAsInVwZGF0ZSI6MTgwMDAwMDAwMDAwMH19"
        },
        {
          "index_key": 1,
          "schema_version": 0,
          "attributes": {
            "access_ip_v4": "192.168.159.101",
            "access_ip_v6": "",
            "admin_pass": null,
            "all_metadata": {},
            "all_tags": [],
            "availability_zone": "nova",
            "availability_zone_hints": null,
            "block_device": [],
            "config_drive": null,
            "created": "2025-01-11 18:30:49 +0000 UTC",
            "flavor_id": "cfb3f68f-ea52-4ed5-a40f-8b82befccc3f",
            "flavor_name": "m1.small",
            "floating_ip": null,
            "force_delete": false,
            "id": "0d2ad57b-ede6-41ec-a0ad-8aaddc44d176",
            "image_id": "dcf49c5a-0fc1-40a9-b26e-fd42c24516d6",
            "image_name": "Ubuntu-Server-24.04-LTS-Noble-Numbat",
            "key_pair": "windows-home",
            "metadata": null,
            "name": "instance-2",
            "network": [
              {
                "access_network": false,
                "fixed_ip_v4": "192.168.159.101",
                "fixed_ip_v6": "",
                "floating_ip": "",
                "mac": "fa:16:3e:44:54:5d",
                "name": "wlan",
                "port": "",
                "uuid": "f0f846e0-ed8a-426b-89e4-f4c716c9c349"
              }
            ],
            "network_mode": null,
            "personality": [],
            "power_state": "active",
            "region": "RegionOne",
            "scheduler_hints": [],
            "security_groups": [
              "default"
            ],
            "stop_before_destroy": false,
            "tags": [],
            "timeouts": null,
            "updated": "2025-01-11 18:30:54 +0000 UTC",
            "user_data": "58bb461d02b9d632e65189ffbb2b39ef680bbbfc",
            "vendor_options": [],
            "volume": []
          },
          "sensitive_attributes": [
            [
              {
                "type": "get_attr",
                "value": "admin_pass"
              }
            ]
          ],
          "private": "eyJlMmJmYjczMC1lY2FhLTExZTYtOGY4OC0zNDM2M2JjN2M0YzAiOnsiY3JlYXRlIjoxODAwMDAwMDAwMDAwLCJkZWxldGUiOjE4MDAwMDAwMDAwMDAsInVwZGF0ZSI6MTgwMDAwMDAwMDAwMH19"
        }
      ]
    }
  ],
  "check_results": null
}
